
Microsoft Visual Studio Solution File, Format Version 12.00
# Visual Studio 2013
VisualStudioVersion = 12.0.30110.0
MinimumVisualStudioVersion = 10.0.40219.1
Project("{FAE04EC0-301F-11D3-BF4B-00C04F79EFBC}") = "Tester", "Tester\Tester.csproj", "{05F98D48-B9A3-4B2B-8648-498FAA41B7EB}"
EndProject
Project("{FAE04EC0-301F-11D3-BF4B-00C04F79EFBC}") = "FeatureDetector", "Detection\FeatureDetector\FeatureDetector.csproj", "{8542C013-AA9A-4852-98FA-6F05CC037A91}"
EndProject
Project("{FAE04EC0-301F-11D3-BF4B-00C04F79EFBC}") = "SharpMediaInfo", "Detection\SharpMediaInfo\SharpMediaInfo.csproj", "{4EA24C1B-3AF2-4EB0-AA98-62EAFB0C2682}"
EndProject
Project("{FAE04EC0-301F-11D3-BF4B-00C04F79EFBC}") = "Common", "Libraries\Common\Common.csproj", "{73F12859-D8B1-49C1-A835-0810CE7BD006}"
EndProject
Project("{FAE04EC0-301F-11D3-BF4B-00C04F79EFBC}") = "SharpLanguageDetect", "Detection\SharpLanguageDetect\SharpLanguageDetect.csproj", "{977BDAC0-B1E4-4198-A0AD-6B93E30EF480}"
EndProject
Project("{FAE04EC0-301F-11D3-BF4B-00C04F79EFBC}") = "SharpCharsetDetector", "Detection\UniversalCharsetDetector\SharpCharsetDetector.csproj", "{7BECB850-389A-44FC-8523-3EF0B2540F07}"
EndProject
Project("{FAE04EC0-301F-11D3-BF4B-00C04F79EFBC}") = "RibbonUI", "UI\RibbonUI\RibbonUI.csproj", "{FD95157C-7CDE-4E94-AAF7-259BABD583A6}"
EndProject
Project("{FAE04EC0-301F-11D3-BF4B-00C04F79EFBC}") = "GettextMarkupExtension", "UI\GettextTranslationExtension\GettextMarkupExtension.csproj", "{A3CE8F2A-9950-409C-AA35-74CD1D1D6D87}"
EndProject
Project("{FAE04EC0-301F-11D3-BF4B-00C04F79EFBC}") = "SecondLanguage", "Libraries\SecondLanguage\SecondLanguage.csproj", "{728B73DF-466A-43ED-BC90-1FC4A6CCD959}"
EndProject
Project("{FAE04EC0-301F-11D3-BF4B-00C04F79EFBC}") = "XamlControls", "UI\XamlControls\XamlControls.csproj", "{39D8B812-D2B3-476E-BA81-10BEEA1D5EEE}"
EndProject
Project("{FAE04EC0-301F-11D3-BF4B-00C04F79EFBC}") = "Providers.Frost", "Providers\Providers.Frost\Providers.Frost.csproj", "{B404DA8F-FBF4-4CCC-BE01-22C488863EC2}"
EndProject
Project("{FAE04EC0-301F-11D3-BF4B-00C04F79EFBC}") = "Providers.Xtreamer", "Providers\Providers.Xtreamer\Providers.Xtreamer.csproj", "{8491DCCF-354E-4FF6-89D4-88A0BB9CB8AF}"
EndProject
Project("{FAE04EC0-301F-11D3-BF4B-00C04F79EFBC}") = "Providers.Xbmc", "Providers\Providers.Xbmc\Providers.Xbmc.csproj", "{2E311A90-347B-47E1-8AA7-87A276C88F4E}"
EndProject
Project("{2150E333-8FDC-42A3-9474-1A3956D46DE8}") = "Providers", "Providers", "{ED24ACDC-DD9F-4ED8-A66E-7491E829A14E}"
EndProject
Project("{2150E333-8FDC-42A3-9474-1A3956D46DE8}") = "UI", "UI", "{AD8B4AC3-5A0D-4363-8A79-3767012A1998}"
EndProject
Project("{2150E333-8FDC-42A3-9474-1A3956D46DE8}") = "Detection", "Detection", "{178CEDB0-8A3F-4DFC-BDDD-3E36B7625293}"
EndProject
Project("{2150E333-8FDC-42A3-9474-1A3956D46DE8}") = "Libraries", "Libraries", "{9E348A12-B30B-4A24-834D-FF16142B277E}"
EndProject
Project("{FAE04EC0-301F-11D3-BF4B-00C04F79EFBC}") = "PHPtoNET", "Libraries\PHPtoNet\PHPtoNET.csproj", "{4661DD6C-BE69-4BCB-A835-53D192DE841C}"
EndProject
Project("{FAE04EC0-301F-11D3-BF4B-00C04F79EFBC}") = "NetworkShares", "Libraries\NetworkShares\NetworkShares.csproj", "{A85F5E2B-149A-4FB5-A749-056AE20AB72F}"
EndProject
Project("{FAE04EC0-301F-11D3-BF4B-00C04F79EFBC}") = "LoadingControl", "UI\LoadingControl\LoadingControl.csproj", "{91F93D52-9F43-4931-BA8D-C2A926393EA9}"
EndProject
Project("{2150E333-8FDC-42A3-9474-1A3956D46DE8}") = "Downloaders", "Downloaders", "{0AF1E06E-462A-44CC-B1AF-5BEF69DFDD4C}"
EndProject
Project("{FAE04EC0-301F-11D3-BF4B-00C04F79EFBC}") = "InfoParsersCommon", "Downloaders\MovieInfo\InfoParsersCommon\InfoParsersCommon.csproj", "{005F252B-C8AD-49E0-9A88-47BC289F00D0}"
EndProject
Project("{FAE04EC0-301F-11D3-BF4B-00C04F79EFBC}") = "xmlrpc", "Libraries\xml-rpc.net.3.0.0\xmlrpc.csproj", "{1B4B0A58-0AFB-4090-91DD-18912CC7DE65}"
EndProject
Project("{FAE04EC0-301F-11D3-BF4B-00C04F79EFBC}") = "SharpOpenSubtitles", "Downloaders\Subtitle\SharpOpenSubtitles\SharpOpenSubtitles.csproj", "{10711252-7056-44A6-AC29-5C7C203B0095}"
EndProject
Project("{FAE04EC0-301F-11D3-BF4B-00C04F79EFBC}") = "SharpFanartTv", "Downloaders\Art\SharpFanartTv\SharpFanartTv.csproj", "{25D0E1A6-7FA0-49FA-989F-3F5F082BD23D}"
EndProject
Project("{FAE04EC0-301F-11D3-BF4B-00C04F79EFBC}") = "SharpOmdbAPI", "Downloaders\MovieInfo\SharpOmdbAPI\SharpOmdbAPI.csproj", "{C796AC60-DB0E-41ED-9A65-47C7ABC52BE9}"
EndProject
Project("{FAE04EC0-301F-11D3-BF4B-00C04F79EFBC}") = "SharpTrailerAddictAPI", "Downloaders\Video\TrailerAddictAPI\SharpTrailerAddictAPI.csproj", "{47253D45-6E80-498D-9BF8-7763D5E24D78}"
EndProject
Project("{FAE04EC0-301F-11D3-BF4B-00C04F79EFBC}") = "SharpTraktTvAPI", "Downloaders\MovieInfo\SharpTraktTvAPI\SharpTraktTvAPI.csproj", "{7E74D034-0D99-4E49-BD80-F96B04D3ECA9}"
EndProject
Project("{FAE04EC0-301F-11D3-BF4B-00C04F79EFBC}") = "MovieInfoProviders", "Downloaders\MovieInfo\MovieInfoProviders\MovieInfoProviders.csproj", "{74A350A0-205E-42D6-9F20-B1C9A393F689}"
EndProject
Project("{2150E333-8FDC-42A3-9474-1A3956D46DE8}") = "Art", "Art", "{25A1ADFC-4BA9-4835-A461-9DD136C002F4}"
EndProject
Project("{2150E333-8FDC-42A3-9474-1A3956D46DE8}") = "MovieInfo", "MovieInfo", "{0A40C744-6C4A-437F-BFDD-BEC626737E30}"
EndProject
Project("{2150E333-8FDC-42A3-9474-1A3956D46DE8}") = "Videos", "Videos", "{400B19D1-BA0B-4F9B-9D76-45A6BC8AA220}"
EndProject
Project("{2150E333-8FDC-42A3-9474-1A3956D46DE8}") = "Subtitle", "Subtitle", "{120A6B2A-33E6-4AD4-BF01-EFD9EB472D71}"
EndProject
Global
	GlobalSection(SolutionConfigurationPlatforms) = preSolution
		Debug|Any CPU = Debug|Any CPU
		Debug|Mixed Platforms = Debug|Mixed Platforms
		Debug|Win32 = Debug|Win32
		Debug|x86 = Debug|x86
		Release No Installer|Any CPU = Release No Installer|Any CPU
		Release No Installer|Mixed Platforms = Release No Installer|Mixed Platforms
		Release No Installer|Win32 = Release No Installer|Win32
		Release No Installer|x86 = Release No Installer|x86
		Release|Any CPU = Release|Any CPU
		Release|Mixed Platforms = Release|Mixed Platforms
		Release|Win32 = Release|Win32
		Release|x86 = Release|x86
	EndGlobalSection
	GlobalSection(ProjectConfigurationPlatforms) = postSolution
		{05F98D48-B9A3-4B2B-8648-498FAA41B7EB}.Debug|Any CPU.ActiveCfg = Debug|Any CPU
		{05F98D48-B9A3-4B2B-8648-498FAA41B7EB}.Debug|Any CPU.Build.0 = Debug|Any CPU
		{05F98D48-B9A3-4B2B-8648-498FAA41B7EB}.Debug|Mixed Platforms.ActiveCfg = Debug|Any CPU
		{05F98D48-B9A3-4B2B-8648-498FAA41B7EB}.Debug|Mixed Platforms.Build.0 = Debug|Any CPU
		{05F98D48-B9A3-4B2B-8648-498FAA41B7EB}.Debug|Win32.ActiveCfg = Debug|Any CPU
		{05F98D48-B9A3-4B2B-8648-498FAA41B7EB}.Debug|x86.ActiveCfg = Debug|Any CPU
		{05F98D48-B9A3-4B2B-8648-498FAA41B7EB}.Release No Installer|Any CPU.ActiveCfg = Release|Any CPU
		{05F98D48-B9A3-4B2B-8648-498FAA41B7EB}.Release No Installer|Any CPU.Build.0 = Release|Any CPU
		{05F98D48-B9A3-4B2B-8648-498FAA41B7EB}.Release No Installer|Mixed Platforms.ActiveCfg = Release|Any CPU
		{05F98D48-B9A3-4B2B-8648-498FAA41B7EB}.Release No Installer|Mixed Platforms.Build.0 = Release|Any CPU
		{05F98D48-B9A3-4B2B-8648-498FAA41B7EB}.Release No Installer|Win32.ActiveCfg = Release|Any CPU
		{05F98D48-B9A3-4B2B-8648-498FAA41B7EB}.Release No Installer|x86.ActiveCfg = Release|Any CPU
		{05F98D48-B9A3-4B2B-8648-498FAA41B7EB}.Release|Any CPU.ActiveCfg = Release|Any CPU
		{05F98D48-B9A3-4B2B-8648-498FAA41B7EB}.Release|Any CPU.Build.0 = Release|Any CPU
		{05F98D48-B9A3-4B2B-8648-498FAA41B7EB}.Release|Mixed Platforms.ActiveCfg = Release|Any CPU
		{05F98D48-B9A3-4B2B-8648-498FAA41B7EB}.Release|Mixed Platforms.Build.0 = Release|Any CPU
		{05F98D48-B9A3-4B2B-8648-498FAA41B7EB}.Release|Win32.ActiveCfg = Release|Any CPU
		{05F98D48-B9A3-4B2B-8648-498FAA41B7EB}.Release|x86.ActiveCfg = Release|Any CPU
		{8542C013-AA9A-4852-98FA-6F05CC037A91}.Debug|Any CPU.ActiveCfg = Debug|Any CPU
		{8542C013-AA9A-4852-98FA-6F05CC037A91}.Debug|Any CPU.Build.0 = Debug|Any CPU
		{8542C013-AA9A-4852-98FA-6F05CC037A91}.Debug|Mixed Platforms.ActiveCfg = Debug|Any CPU
		{8542C013-AA9A-4852-98FA-6F05CC037A91}.Debug|Mixed Platforms.Build.0 = Debug|Any CPU
		{8542C013-AA9A-4852-98FA-6F05CC037A91}.Debug|Win32.ActiveCfg = Debug|Any CPU
		{8542C013-AA9A-4852-98FA-6F05CC037A91}.Debug|x86.ActiveCfg = Debug|Any CPU
		{8542C013-AA9A-4852-98FA-6F05CC037A91}.Release No Installer|Any CPU.ActiveCfg = Release|Any CPU
		{8542C013-AA9A-4852-98FA-6F05CC037A91}.Release No Installer|Any CPU.Build.0 = Release|Any CPU
		{8542C013-AA9A-4852-98FA-6F05CC037A91}.Release No Installer|Mixed Platforms.ActiveCfg = Release|Any CPU
		{8542C013-AA9A-4852-98FA-6F05CC037A91}.Release No Installer|Mixed Platforms.Build.0 = Release|Any CPU
		{8542C013-AA9A-4852-98FA-6F05CC037A91}.Release No Installer|Win32.ActiveCfg = Release|Any CPU
		{8542C013-AA9A-4852-98FA-6F05CC037A91}.Release No Installer|x86.ActiveCfg = Release|Any CPU
		{8542C013-AA9A-4852-98FA-6F05CC037A91}.Release|Any CPU.ActiveCfg = Release|Any CPU
		{8542C013-AA9A-4852-98FA-6F05CC037A91}.Release|Any CPU.Build.0 = Release|Any CPU
		{8542C013-AA9A-4852-98FA-6F05CC037A91}.Release|Mixed Platforms.ActiveCfg = Release|Any CPU
		{8542C013-AA9A-4852-98FA-6F05CC037A91}.Release|Mixed Platforms.Build.0 = Release|Any CPU
		{8542C013-AA9A-4852-98FA-6F05CC037A91}.Release|Win32.ActiveCfg = Release|Any CPU
		{8542C013-AA9A-4852-98FA-6F05CC037A91}.Release|x86.ActiveCfg = Release|Any CPU
		{4EA24C1B-3AF2-4EB0-AA98-62EAFB0C2682}.Debug|Any CPU.ActiveCfg = Debug|Any CPU
		{4EA24C1B-3AF2-4EB0-AA98-62EAFB0C2682}.Debug|Any CPU.Build.0 = Debug|Any CPU
		{4EA24C1B-3AF2-4EB0-AA98-62EAFB0C2682}.Debug|Mixed Platforms.ActiveCfg = Debug|Any CPU
		{4EA24C1B-3AF2-4EB0-AA98-62EAFB0C2682}.Debug|Mixed Platforms.Build.0 = Debug|Any CPU
		{4EA24C1B-3AF2-4EB0-AA98-62EAFB0C2682}.Debug|Win32.ActiveCfg = Debug|Any CPU
		{4EA24C1B-3AF2-4EB0-AA98-62EAFB0C2682}.Debug|x86.ActiveCfg = Debug|Any CPU
		{4EA24C1B-3AF2-4EB0-AA98-62EAFB0C2682}.Release No Installer|Any CPU.ActiveCfg = Release|Any CPU
		{4EA24C1B-3AF2-4EB0-AA98-62EAFB0C2682}.Release No Installer|Any CPU.Build.0 = Release|Any CPU
		{4EA24C1B-3AF2-4EB0-AA98-62EAFB0C2682}.Release No Installer|Mixed Platforms.ActiveCfg = Release|Any CPU
		{4EA24C1B-3AF2-4EB0-AA98-62EAFB0C2682}.Release No Installer|Mixed Platforms.Build.0 = Release|Any CPU
		{4EA24C1B-3AF2-4EB0-AA98-62EAFB0C2682}.Release No Installer|Win32.ActiveCfg = Release|Any CPU
		{4EA24C1B-3AF2-4EB0-AA98-62EAFB0C2682}.Release No Installer|x86.ActiveCfg = Release|Any CPU
		{4EA24C1B-3AF2-4EB0-AA98-62EAFB0C2682}.Release|Any CPU.ActiveCfg = Release|Any CPU
		{4EA24C1B-3AF2-4EB0-AA98-62EAFB0C2682}.Release|Any CPU.Build.0 = Release|Any CPU
		{4EA24C1B-3AF2-4EB0-AA98-62EAFB0C2682}.Release|Mixed Platforms.ActiveCfg = Release|Any CPU
		{4EA24C1B-3AF2-4EB0-AA98-62EAFB0C2682}.Release|Mixed Platforms.Build.0 = Release|Any CPU
		{4EA24C1B-3AF2-4EB0-AA98-62EAFB0C2682}.Release|Win32.ActiveCfg = Release|Any CPU
		{4EA24C1B-3AF2-4EB0-AA98-62EAFB0C2682}.Release|x86.ActiveCfg = Release|Any CPU
		{73F12859-D8B1-49C1-A835-0810CE7BD006}.Debug|Any CPU.ActiveCfg = Debug|Any CPU
		{73F12859-D8B1-49C1-A835-0810CE7BD006}.Debug|Any CPU.Build.0 = Debug|Any CPU
		{73F12859-D8B1-49C1-A835-0810CE7BD006}.Debug|Mixed Platforms.ActiveCfg = Debug|Any CPU
		{73F12859-D8B1-49C1-A835-0810CE7BD006}.Debug|Mixed Platforms.Build.0 = Debug|Any CPU
		{73F12859-D8B1-49C1-A835-0810CE7BD006}.Debug|Win32.ActiveCfg = Debug|Any CPU
		{73F12859-D8B1-49C1-A835-0810CE7BD006}.Debug|x86.ActiveCfg = Debug|Any CPU
		{73F12859-D8B1-49C1-A835-0810CE7BD006}.Release No Installer|Any CPU.ActiveCfg = Release|Any CPU
		{73F12859-D8B1-49C1-A835-0810CE7BD006}.Release No Installer|Any CPU.Build.0 = Release|Any CPU
		{73F12859-D8B1-49C1-A835-0810CE7BD006}.Release No Installer|Mixed Platforms.ActiveCfg = Release|Any CPU
		{73F12859-D8B1-49C1-A835-0810CE7BD006}.Release No Installer|Mixed Platforms.Build.0 = Release|Any CPU
		{73F12859-D8B1-49C1-A835-0810CE7BD006}.Release No Installer|Win32.ActiveCfg = Release|Any CPU
		{73F12859-D8B1-49C1-A835-0810CE7BD006}.Release No Installer|x86.ActiveCfg = Release|Any CPU
		{73F12859-D8B1-49C1-A835-0810CE7BD006}.Release|Any CPU.ActiveCfg = Release|Any CPU
		{73F12859-D8B1-49C1-A835-0810CE7BD006}.Release|Any CPU.Build.0 = Release|Any CPU
		{73F12859-D8B1-49C1-A835-0810CE7BD006}.Release|Mixed Platforms.ActiveCfg = Release|Any CPU
		{73F12859-D8B1-49C1-A835-0810CE7BD006}.Release|Mixed Platforms.Build.0 = Release|Any CPU
		{73F12859-D8B1-49C1-A835-0810CE7BD006}.Release|Win32.ActiveCfg = Release|Any CPU
		{73F12859-D8B1-49C1-A835-0810CE7BD006}.Release|x86.ActiveCfg = Release|Any CPU
		{977BDAC0-B1E4-4198-A0AD-6B93E30EF480}.Debug|Any CPU.ActiveCfg = Debug|Any CPU
		{977BDAC0-B1E4-4198-A0AD-6B93E30EF480}.Debug|Any CPU.Build.0 = Debug|Any CPU
		{977BDAC0-B1E4-4198-A0AD-6B93E30EF480}.Debug|Mixed Platforms.ActiveCfg = Debug|Any CPU
		{977BDAC0-B1E4-4198-A0AD-6B93E30EF480}.Debug|Mixed Platforms.Build.0 = Debug|Any CPU
		{977BDAC0-B1E4-4198-A0AD-6B93E30EF480}.Debug|Win32.ActiveCfg = Debug|Any CPU
		{977BDAC0-B1E4-4198-A0AD-6B93E30EF480}.Debug|x86.ActiveCfg = Debug|Any CPU
		{977BDAC0-B1E4-4198-A0AD-6B93E30EF480}.Release No Installer|Any CPU.ActiveCfg = Release|Any CPU
		{977BDAC0-B1E4-4198-A0AD-6B93E30EF480}.Release No Installer|Any CPU.Build.0 = Release|Any CPU
		{977BDAC0-B1E4-4198-A0AD-6B93E30EF480}.Release No Installer|Mixed Platforms.ActiveCfg = Release|Any CPU
		{977BDAC0-B1E4-4198-A0AD-6B93E30EF480}.Release No Installer|Mixed Platforms.Build.0 = Release|Any CPU
		{977BDAC0-B1E4-4198-A0AD-6B93E30EF480}.Release No Installer|Win32.ActiveCfg = Release|Any CPU
		{977BDAC0-B1E4-4198-A0AD-6B93E30EF480}.Release No Installer|x86.ActiveCfg = Release|Any CPU
		{977BDAC0-B1E4-4198-A0AD-6B93E30EF480}.Release|Any CPU.ActiveCfg = Release|Any CPU
		{977BDAC0-B1E4-4198-A0AD-6B93E30EF480}.Release|Any CPU.Build.0 = Release|Any CPU
		{977BDAC0-B1E4-4198-A0AD-6B93E30EF480}.Release|Mixed Platforms.ActiveCfg = Release|Any CPU
		{977BDAC0-B1E4-4198-A0AD-6B93E30EF480}.Release|Mixed Platforms.Build.0 = Release|Any CPU
		{977BDAC0-B1E4-4198-A0AD-6B93E30EF480}.Release|Win32.ActiveCfg = Release|Any CPU
		{977BDAC0-B1E4-4198-A0AD-6B93E30EF480}.Release|x86.ActiveCfg = Release|Any CPU
		{7BECB850-389A-44FC-8523-3EF0B2540F07}.Debug|Any CPU.ActiveCfg = Debug|Any CPU
		{7BECB850-389A-44FC-8523-3EF0B2540F07}.Debug|Any CPU.Build.0 = Debug|Any CPU
		{7BECB850-389A-44FC-8523-3EF0B2540F07}.Debug|Mixed Platforms.ActiveCfg = Debug|Any CPU
		{7BECB850-389A-44FC-8523-3EF0B2540F07}.Debug|Mixed Platforms.Build.0 = Debug|Any CPU
		{7BECB850-389A-44FC-8523-3EF0B2540F07}.Debug|Win32.ActiveCfg = Debug|Any CPU
		{7BECB850-389A-44FC-8523-3EF0B2540F07}.Debug|x86.ActiveCfg = Debug|Any CPU
		{7BECB850-389A-44FC-8523-3EF0B2540F07}.Release No Installer|Any CPU.ActiveCfg = Release|Any CPU
		{7BECB850-389A-44FC-8523-3EF0B2540F07}.Release No Installer|Any CPU.Build.0 = Release|Any CPU
		{7BECB850-389A-44FC-8523-3EF0B2540F07}.Release No Installer|Mixed Platforms.ActiveCfg = Release|Any CPU
		{7BECB850-389A-44FC-8523-3EF0B2540F07}.Release No Installer|Mixed Platforms.Build.0 = Release|Any CPU
		{7BECB850-389A-44FC-8523-3EF0B2540F07}.Release No Installer|Win32.ActiveCfg = Release|Any CPU
		{7BECB850-389A-44FC-8523-3EF0B2540F07}.Release No Installer|x86.ActiveCfg = Release|Any CPU
		{7BECB850-389A-44FC-8523-3EF0B2540F07}.Release|Any CPU.ActiveCfg = Release|Any CPU
		{7BECB850-389A-44FC-8523-3EF0B2540F07}.Release|Any CPU.Build.0 = Release|Any CPU
		{7BECB850-389A-44FC-8523-3EF0B2540F07}.Release|Mixed Platforms.ActiveCfg = Release|Any CPU
		{7BECB850-389A-44FC-8523-3EF0B2540F07}.Release|Mixed Platforms.Build.0 = Release|Any CPU
		{7BECB850-389A-44FC-8523-3EF0B2540F07}.Release|Win32.ActiveCfg = Release|Any CPU
		{7BECB850-389A-44FC-8523-3EF0B2540F07}.Release|x86.ActiveCfg = Release|Any CPU
		{FD95157C-7CDE-4E94-AAF7-259BABD583A6}.Debug|Any CPU.ActiveCfg = Debug|Any CPU
		{FD95157C-7CDE-4E94-AAF7-259BABD583A6}.Debug|Any CPU.Build.0 = Debug|Any CPU
		{FD95157C-7CDE-4E94-AAF7-259BABD583A6}.Debug|Mixed Platforms.ActiveCfg = Debug|Any CPU
		{FD95157C-7CDE-4E94-AAF7-259BABD583A6}.Debug|Mixed Platforms.Build.0 = Debug|Any CPU
		{FD95157C-7CDE-4E94-AAF7-259BABD583A6}.Debug|Win32.ActiveCfg = Debug|Any CPU
		{FD95157C-7CDE-4E94-AAF7-259BABD583A6}.Debug|x86.ActiveCfg = Debug|Any CPU
		{FD95157C-7CDE-4E94-AAF7-259BABD583A6}.Release No Installer|Any CPU.ActiveCfg = Release|Any CPU
		{FD95157C-7CDE-4E94-AAF7-259BABD583A6}.Release No Installer|Any CPU.Build.0 = Release|Any CPU
		{FD95157C-7CDE-4E94-AAF7-259BABD583A6}.Release No Installer|Mixed Platforms.ActiveCfg = Release|Any CPU
		{FD95157C-7CDE-4E94-AAF7-259BABD583A6}.Release No Installer|Mixed Platforms.Build.0 = Release|Any CPU
		{FD95157C-7CDE-4E94-AAF7-259BABD583A6}.Release No Installer|Win32.ActiveCfg = Release|Any CPU
		{FD95157C-7CDE-4E94-AAF7-259BABD583A6}.Release No Installer|x86.ActiveCfg = Release|Any CPU
		{FD95157C-7CDE-4E94-AAF7-259BABD583A6}.Release|Any CPU.ActiveCfg = Release|Any CPU
		{FD95157C-7CDE-4E94-AAF7-259BABD583A6}.Release|Any CPU.Build.0 = Release|Any CPU
		{FD95157C-7CDE-4E94-AAF7-259BABD583A6}.Release|Mixed Platforms.ActiveCfg = Release|Any CPU
		{FD95157C-7CDE-4E94-AAF7-259BABD583A6}.Release|Mixed Platforms.Build.0 = Release|Any CPU
		{FD95157C-7CDE-4E94-AAF7-259BABD583A6}.Release|Win32.ActiveCfg = Release|Any CPU
		{FD95157C-7CDE-4E94-AAF7-259BABD583A6}.Release|x86.ActiveCfg = Release|Any CPU
		{A3CE8F2A-9950-409C-AA35-74CD1D1D6D87}.Debug|Any CPU.ActiveCfg = Debug|Any CPU
		{A3CE8F2A-9950-409C-AA35-74CD1D1D6D87}.Debug|Any CPU.Build.0 = Debug|Any CPU
		{A3CE8F2A-9950-409C-AA35-74CD1D1D6D87}.Debug|Mixed Platforms.ActiveCfg = Debug|Any CPU
		{A3CE8F2A-9950-409C-AA35-74CD1D1D6D87}.Debug|Mixed Platforms.Build.0 = Debug|Any CPU
		{A3CE8F2A-9950-409C-AA35-74CD1D1D6D87}.Debug|Win32.ActiveCfg = Debug|Any CPU
		{A3CE8F2A-9950-409C-AA35-74CD1D1D6D87}.Debug|x86.ActiveCfg = Debug|Any CPU
		{A3CE8F2A-9950-409C-AA35-74CD1D1D6D87}.Release No Installer|Any CPU.ActiveCfg = Release|Any CPU
		{A3CE8F2A-9950-409C-AA35-74CD1D1D6D87}.Release No Installer|Any CPU.Build.0 = Release|Any CPU
		{A3CE8F2A-9950-409C-AA35-74CD1D1D6D87}.Release No Installer|Mixed Platforms.ActiveCfg = Release|Any CPU
		{A3CE8F2A-9950-409C-AA35-74CD1D1D6D87}.Release No Installer|Mixed Platforms.Build.0 = Release|Any CPU
		{A3CE8F2A-9950-409C-AA35-74CD1D1D6D87}.Release No Installer|Win32.ActiveCfg = Release|Any CPU
		{A3CE8F2A-9950-409C-AA35-74CD1D1D6D87}.Release No Installer|x86.ActiveCfg = Release|Any CPU
		{A3CE8F2A-9950-409C-AA35-74CD1D1D6D87}.Release|Any CPU.ActiveCfg = Release|Any CPU
		{A3CE8F2A-9950-409C-AA35-74CD1D1D6D87}.Release|Any CPU.Build.0 = Release|Any CPU
		{A3CE8F2A-9950-409C-AA35-74CD1D1D6D87}.Release|Mixed Platforms.ActiveCfg = Release|Any CPU
		{A3CE8F2A-9950-409C-AA35-74CD1D1D6D87}.Release|Mixed Platforms.Build.0 = Release|Any CPU
		{A3CE8F2A-9950-409C-AA35-74CD1D1D6D87}.Release|Win32.ActiveCfg = Release|Any CPU
		{A3CE8F2A-9950-409C-AA35-74CD1D1D6D87}.Release|x86.ActiveCfg = Release|Any CPU
		{728B73DF-466A-43ED-BC90-1FC4A6CCD959}.Debug|Any CPU.ActiveCfg = Debug|Any CPU
		{728B73DF-466A-43ED-BC90-1FC4A6CCD959}.Debug|Any CPU.Build.0 = Debug|Any CPU
		{728B73DF-466A-43ED-BC90-1FC4A6CCD959}.Debug|Mixed Platforms.ActiveCfg = Debug|Any CPU
		{728B73DF-466A-43ED-BC90-1FC4A6CCD959}.Debug|Mixed Platforms.Build.0 = Debug|Any CPU
		{728B73DF-466A-43ED-BC90-1FC4A6CCD959}.Debug|Win32.ActiveCfg = Debug|Any CPU
		{728B73DF-466A-43ED-BC90-1FC4A6CCD959}.Debug|x86.ActiveCfg = Debug|Any CPU
		{728B73DF-466A-43ED-BC90-1FC4A6CCD959}.Release No Installer|Any CPU.ActiveCfg = Release|Any CPU
		{728B73DF-466A-43ED-BC90-1FC4A6CCD959}.Release No Installer|Any CPU.Build.0 = Release|Any CPU
		{728B73DF-466A-43ED-BC90-1FC4A6CCD959}.Release No Installer|Mixed Platforms.ActiveCfg = Release|Any CPU
		{728B73DF-466A-43ED-BC90-1FC4A6CCD959}.Release No Installer|Mixed Platforms.Build.0 = Release|Any CPU
		{728B73DF-466A-43ED-BC90-1FC4A6CCD959}.Release No Installer|Win32.ActiveCfg = Release|Any CPU
		{728B73DF-466A-43ED-BC90-1FC4A6CCD959}.Release No Installer|x86.ActiveCfg = Release|Any CPU
		{728B73DF-466A-43ED-BC90-1FC4A6CCD959}.Release|Any CPU.ActiveCfg = Release|Any CPU
		{728B73DF-466A-43ED-BC90-1FC4A6CCD959}.Release|Any CPU.Build.0 = Release|Any CPU
		{728B73DF-466A-43ED-BC90-1FC4A6CCD959}.Release|Mixed Platforms.ActiveCfg = Release|Any CPU
		{728B73DF-466A-43ED-BC90-1FC4A6CCD959}.Release|Mixed Platforms.Build.0 = Release|Any CPU
		{728B73DF-466A-43ED-BC90-1FC4A6CCD959}.Release|Win32.ActiveCfg = Release|Any CPU
		{728B73DF-466A-43ED-BC90-1FC4A6CCD959}.Release|x86.ActiveCfg = Release|Any CPU
		{39D8B812-D2B3-476E-BA81-10BEEA1D5EEE}.Debug|Any CPU.ActiveCfg = Debug|Any CPU
		{39D8B812-D2B3-476E-BA81-10BEEA1D5EEE}.Debug|Any CPU.Build.0 = Debug|Any CPU
		{39D8B812-D2B3-476E-BA81-10BEEA1D5EEE}.Debug|Mixed Platforms.ActiveCfg = Debug|Any CPU
		{39D8B812-D2B3-476E-BA81-10BEEA1D5EEE}.Debug|Mixed Platforms.Build.0 = Debug|Any CPU
		{39D8B812-D2B3-476E-BA81-10BEEA1D5EEE}.Debug|Win32.ActiveCfg = Debug|Any CPU
		{39D8B812-D2B3-476E-BA81-10BEEA1D5EEE}.Debug|x86.ActiveCfg = Debug|Any CPU
		{39D8B812-D2B3-476E-BA81-10BEEA1D5EEE}.Release No Installer|Any CPU.ActiveCfg = Release|Any CPU
		{39D8B812-D2B3-476E-BA81-10BEEA1D5EEE}.Release No Installer|Any CPU.Build.0 = Release|Any CPU
		{39D8B812-D2B3-476E-BA81-10BEEA1D5EEE}.Release No Installer|Mixed Platforms.ActiveCfg = Release|Any CPU
		{39D8B812-D2B3-476E-BA81-10BEEA1D5EEE}.Release No Installer|Mixed Platforms.Build.0 = Release|Any CPU
		{39D8B812-D2B3-476E-BA81-10BEEA1D5EEE}.Release No Installer|Win32.ActiveCfg = Release|Any CPU
		{39D8B812-D2B3-476E-BA81-10BEEA1D5EEE}.Release No Installer|x86.ActiveCfg = Release|Any CPU
		{39D8B812-D2B3-476E-BA81-10BEEA1D5EEE}.Release|Any CPU.ActiveCfg = Release|Any CPU
		{39D8B812-D2B3-476E-BA81-10BEEA1D5EEE}.Release|Any CPU.Build.0 = Release|Any CPU
		{39D8B812-D2B3-476E-BA81-10BEEA1D5EEE}.Release|Mixed Platforms.ActiveCfg = Release|Any CPU
		{39D8B812-D2B3-476E-BA81-10BEEA1D5EEE}.Release|Mixed Platforms.Build.0 = Release|Any CPU
		{39D8B812-D2B3-476E-BA81-10BEEA1D5EEE}.Release|Win32.ActiveCfg = Release|Any CPU
		{39D8B812-D2B3-476E-BA81-10BEEA1D5EEE}.Release|x86.ActiveCfg = Release|Any CPU
		{B404DA8F-FBF4-4CCC-BE01-22C488863EC2}.Debug|Any CPU.ActiveCfg = Debug|Any CPU
		{B404DA8F-FBF4-4CCC-BE01-22C488863EC2}.Debug|Any CPU.Build.0 = Debug|Any CPU
		{B404DA8F-FBF4-4CCC-BE01-22C488863EC2}.Debug|Mixed Platforms.ActiveCfg = Debug|Any CPU
		{B404DA8F-FBF4-4CCC-BE01-22C488863EC2}.Debug|Mixed Platforms.Build.0 = Debug|Any CPU
		{B404DA8F-FBF4-4CCC-BE01-22C488863EC2}.Debug|Win32.ActiveCfg = Debug|Any CPU
		{B404DA8F-FBF4-4CCC-BE01-22C488863EC2}.Debug|x86.ActiveCfg = Debug|Any CPU
		{B404DA8F-FBF4-4CCC-BE01-22C488863EC2}.Release No Installer|Any CPU.ActiveCfg = Release|Any CPU
		{B404DA8F-FBF4-4CCC-BE01-22C488863EC2}.Release No Installer|Any CPU.Build.0 = Release|Any CPU
		{B404DA8F-FBF4-4CCC-BE01-22C488863EC2}.Release No Installer|Mixed Platforms.ActiveCfg = Release|Any CPU
		{B404DA8F-FBF4-4CCC-BE01-22C488863EC2}.Release No Installer|Mixed Platforms.Build.0 = Release|Any CPU
		{B404DA8F-FBF4-4CCC-BE01-22C488863EC2}.Release No Installer|Win32.ActiveCfg = Release|Any CPU
		{B404DA8F-FBF4-4CCC-BE01-22C488863EC2}.Release No Installer|x86.ActiveCfg = Release|Any CPU
		{B404DA8F-FBF4-4CCC-BE01-22C488863EC2}.Release|Any CPU.ActiveCfg = Release|Any CPU
		{B404DA8F-FBF4-4CCC-BE01-22C488863EC2}.Release|Any CPU.Build.0 = Release|Any CPU
		{B404DA8F-FBF4-4CCC-BE01-22C488863EC2}.Release|Mixed Platforms.ActiveCfg = Release|Any CPU
		{B404DA8F-FBF4-4CCC-BE01-22C488863EC2}.Release|Mixed Platforms.Build.0 = Release|Any CPU
		{B404DA8F-FBF4-4CCC-BE01-22C488863EC2}.Release|Win32.ActiveCfg = Release|Any CPU
		{B404DA8F-FBF4-4CCC-BE01-22C488863EC2}.Release|x86.ActiveCfg = Release|Any CPU
		{8491DCCF-354E-4FF6-89D4-88A0BB9CB8AF}.Debug|Any CPU.ActiveCfg = Debug|Any CPU
		{8491DCCF-354E-4FF6-89D4-88A0BB9CB8AF}.Debug|Any CPU.Build.0 = Debug|Any CPU
		{8491DCCF-354E-4FF6-89D4-88A0BB9CB8AF}.Debug|Mixed Platforms.ActiveCfg = Debug|Any CPU
		{8491DCCF-354E-4FF6-89D4-88A0BB9CB8AF}.Debug|Mixed Platforms.Build.0 = Debug|Any CPU
		{8491DCCF-354E-4FF6-89D4-88A0BB9CB8AF}.Debug|Win32.ActiveCfg = Debug|Any CPU
		{8491DCCF-354E-4FF6-89D4-88A0BB9CB8AF}.Debug|x86.ActiveCfg = Debug|Any CPU
		{8491DCCF-354E-4FF6-89D4-88A0BB9CB8AF}.Release No Installer|Any CPU.ActiveCfg = Release|Any CPU
		{8491DCCF-354E-4FF6-89D4-88A0BB9CB8AF}.Release No Installer|Any CPU.Build.0 = Release|Any CPU
		{8491DCCF-354E-4FF6-89D4-88A0BB9CB8AF}.Release No Installer|Mixed Platforms.ActiveCfg = Release|Any CPU
		{8491DCCF-354E-4FF6-89D4-88A0BB9CB8AF}.Release No Installer|Mixed Platforms.Build.0 = Release|Any CPU
		{8491DCCF-354E-4FF6-89D4-88A0BB9CB8AF}.Release No Installer|Win32.ActiveCfg = Release|Any CPU
		{8491DCCF-354E-4FF6-89D4-88A0BB9CB8AF}.Release No Installer|x86.ActiveCfg = Release|Any CPU
		{8491DCCF-354E-4FF6-89D4-88A0BB9CB8AF}.Release|Any CPU.ActiveCfg = Release|Any CPU
		{8491DCCF-354E-4FF6-89D4-88A0BB9CB8AF}.Release|Any CPU.Build.0 = Release|Any CPU
		{8491DCCF-354E-4FF6-89D4-88A0BB9CB8AF}.Release|Mixed Platforms.ActiveCfg = Release|Any CPU
		{8491DCCF-354E-4FF6-89D4-88A0BB9CB8AF}.Release|Mixed Platforms.Build.0 = Release|Any CPU
		{8491DCCF-354E-4FF6-89D4-88A0BB9CB8AF}.Release|Win32.ActiveCfg = Release|Any CPU
		{8491DCCF-354E-4FF6-89D4-88A0BB9CB8AF}.Release|x86.ActiveCfg = Release|Any CPU
		{2E311A90-347B-47E1-8AA7-87A276C88F4E}.Debug|Any CPU.ActiveCfg = Debug|Any CPU
		{2E311A90-347B-47E1-8AA7-87A276C88F4E}.Debug|Any CPU.Build.0 = Debug|Any CPU
		{2E311A90-347B-47E1-8AA7-87A276C88F4E}.Debug|Mixed Platforms.ActiveCfg = Debug|Any CPU
		{2E311A90-347B-47E1-8AA7-87A276C88F4E}.Debug|Mixed Platforms.Build.0 = Debug|Any CPU
		{2E311A90-347B-47E1-8AA7-87A276C88F4E}.Debug|Win32.ActiveCfg = Debug|Any CPU
		{2E311A90-347B-47E1-8AA7-87A276C88F4E}.Debug|x86.ActiveCfg = Debug|Any CPU
		{2E311A90-347B-47E1-8AA7-87A276C88F4E}.Release No Installer|Any CPU.ActiveCfg = Release|Any CPU
		{2E311A90-347B-47E1-8AA7-87A276C88F4E}.Release No Installer|Any CPU.Build.0 = Release|Any CPU
		{2E311A90-347B-47E1-8AA7-87A276C88F4E}.Release No Installer|Mixed Platforms.ActiveCfg = Release|Any CPU
		{2E311A90-347B-47E1-8AA7-87A276C88F4E}.Release No Installer|Mixed Platforms.Build.0 = Release|Any CPU
		{2E311A90-347B-47E1-8AA7-87A276C88F4E}.Release No Installer|Win32.ActiveCfg = Release|Any CPU
		{2E311A90-347B-47E1-8AA7-87A276C88F4E}.Release No Installer|x86.ActiveCfg = Release|Any CPU
		{2E311A90-347B-47E1-8AA7-87A276C88F4E}.Release|Any CPU.ActiveCfg = Release|Any CPU
		{2E311A90-347B-47E1-8AA7-87A276C88F4E}.Release|Any CPU.Build.0 = Release|Any CPU
		{2E311A90-347B-47E1-8AA7-87A276C88F4E}.Release|Mixed Platforms.ActiveCfg = Release|Any CPU
		{2E311A90-347B-47E1-8AA7-87A276C88F4E}.Release|Mixed Platforms.Build.0 = Release|Any CPU
		{2E311A90-347B-47E1-8AA7-87A276C88F4E}.Release|Win32.ActiveCfg = Release|Any CPU
		{2E311A90-347B-47E1-8AA7-87A276C88F4E}.Release|x86.ActiveCfg = Release|Any CPU
		{4661DD6C-BE69-4BCB-A835-53D192DE841C}.Debug|Any CPU.ActiveCfg = Debug|x86
		{4661DD6C-BE69-4BCB-A835-53D192DE841C}.Debug|Mixed Platforms.ActiveCfg = Debug|x86
		{4661DD6C-BE69-4BCB-A835-53D192DE841C}.Debug|Mixed Platforms.Build.0 = Debug|x86
		{4661DD6C-BE69-4BCB-A835-53D192DE841C}.Debug|Win32.ActiveCfg = Debug|x86
		{4661DD6C-BE69-4BCB-A835-53D192DE841C}.Debug|Win32.Build.0 = Debug|x86
		{4661DD6C-BE69-4BCB-A835-53D192DE841C}.Debug|x86.ActiveCfg = Debug|x86
		{4661DD6C-BE69-4BCB-A835-53D192DE841C}.Debug|x86.Build.0 = Debug|x86
		{4661DD6C-BE69-4BCB-A835-53D192DE841C}.Release No Installer|Any CPU.ActiveCfg = Release|x86
		{4661DD6C-BE69-4BCB-A835-53D192DE841C}.Release No Installer|Mixed Platforms.ActiveCfg = Release|x86
		{4661DD6C-BE69-4BCB-A835-53D192DE841C}.Release No Installer|Mixed Platforms.Build.0 = Release|x86
		{4661DD6C-BE69-4BCB-A835-53D192DE841C}.Release No Installer|Win32.ActiveCfg = Release|x86
		{4661DD6C-BE69-4BCB-A835-53D192DE841C}.Release No Installer|Win32.Build.0 = Release|x86
		{4661DD6C-BE69-4BCB-A835-53D192DE841C}.Release No Installer|x86.ActiveCfg = Release|x86
		{4661DD6C-BE69-4BCB-A835-53D192DE841C}.Release No Installer|x86.Build.0 = Release|x86
		{4661DD6C-BE69-4BCB-A835-53D192DE841C}.Release|Any CPU.ActiveCfg = Release|x86
		{4661DD6C-BE69-4BCB-A835-53D192DE841C}.Release|Mixed Platforms.ActiveCfg = Release|x86
		{4661DD6C-BE69-4BCB-A835-53D192DE841C}.Release|Mixed Platforms.Build.0 = Release|x86
		{4661DD6C-BE69-4BCB-A835-53D192DE841C}.Release|Win32.ActiveCfg = Release|x86
		{4661DD6C-BE69-4BCB-A835-53D192DE841C}.Release|Win32.Build.0 = Release|x86
		{4661DD6C-BE69-4BCB-A835-53D192DE841C}.Release|x86.ActiveCfg = Release|x86
		{4661DD6C-BE69-4BCB-A835-53D192DE841C}.Release|x86.Build.0 = Release|x86
		{A85F5E2B-149A-4FB5-A749-056AE20AB72F}.Debug|Any CPU.ActiveCfg = Debug|Any CPU
		{A85F5E2B-149A-4FB5-A749-056AE20AB72F}.Debug|Any CPU.Build.0 = Debug|Any CPU
		{A85F5E2B-149A-4FB5-A749-056AE20AB72F}.Debug|Mixed Platforms.ActiveCfg = Debug|Any CPU
		{A85F5E2B-149A-4FB5-A749-056AE20AB72F}.Debug|Mixed Platforms.Build.0 = Debug|Any CPU
		{A85F5E2B-149A-4FB5-A749-056AE20AB72F}.Debug|Win32.ActiveCfg = Debug|Any CPU
		{A85F5E2B-149A-4FB5-A749-056AE20AB72F}.Debug|x86.ActiveCfg = Debug|Any CPU
		{A85F5E2B-149A-4FB5-A749-056AE20AB72F}.Release No Installer|Any CPU.ActiveCfg = Release|Any CPU
		{A85F5E2B-149A-4FB5-A749-056AE20AB72F}.Release No Installer|Any CPU.Build.0 = Release|Any CPU
		{A85F5E2B-149A-4FB5-A749-056AE20AB72F}.Release No Installer|Mixed Platforms.ActiveCfg = Release|Any CPU
		{A85F5E2B-149A-4FB5-A749-056AE20AB72F}.Release No Installer|Mixed Platforms.Build.0 = Release|Any CPU
		{A85F5E2B-149A-4FB5-A749-056AE20AB72F}.Release No Installer|Win32.ActiveCfg = Release|Any CPU
		{A85F5E2B-149A-4FB5-A749-056AE20AB72F}.Release No Installer|x86.ActiveCfg = Release|Any CPU
		{A85F5E2B-149A-4FB5-A749-056AE20AB72F}.Release|Any CPU.ActiveCfg = Release|Any CPU
		{A85F5E2B-149A-4FB5-A749-056AE20AB72F}.Release|Any CPU.Build.0 = Release|Any CPU
		{A85F5E2B-149A-4FB5-A749-056AE20AB72F}.Release|Mixed Platforms.ActiveCfg = Release|Any CPU
		{A85F5E2B-149A-4FB5-A749-056AE20AB72F}.Release|Mixed Platforms.Build.0 = Release|Any CPU
		{A85F5E2B-149A-4FB5-A749-056AE20AB72F}.Release|Win32.ActiveCfg = Release|Any CPU
		{A85F5E2B-149A-4FB5-A749-056AE20AB72F}.Release|x86.ActiveCfg = Release|Any CPU
		{91F93D52-9F43-4931-BA8D-C2A926393EA9}.Debug|Any CPU.ActiveCfg = Debug|Any CPU
		{91F93D52-9F43-4931-BA8D-C2A926393EA9}.Debug|Any CPU.Build.0 = Debug|Any CPU
		{91F93D52-9F43-4931-BA8D-C2A926393EA9}.Debug|Mixed Platforms.ActiveCfg = Debug|Any CPU
		{91F93D52-9F43-4931-BA8D-C2A926393EA9}.Debug|Mixed Platforms.Build.0 = Debug|Any CPU
		{91F93D52-9F43-4931-BA8D-C2A926393EA9}.Debug|Win32.ActiveCfg = Debug|Any CPU
		{91F93D52-9F43-4931-BA8D-C2A926393EA9}.Debug|x86.ActiveCfg = Debug|Any CPU
		{91F93D52-9F43-4931-BA8D-C2A926393EA9}.Release No Installer|Any CPU.ActiveCfg = Release|Any CPU
		{91F93D52-9F43-4931-BA8D-C2A926393EA9}.Release No Installer|Any CPU.Build.0 = Release|Any CPU
		{91F93D52-9F43-4931-BA8D-C2A926393EA9}.Release No Installer|Mixed Platforms.ActiveCfg = Release|Any CPU
		{91F93D52-9F43-4931-BA8D-C2A926393EA9}.Release No Installer|Mixed Platforms.Build.0 = Release|Any CPU
		{91F93D52-9F43-4931-BA8D-C2A926393EA9}.Release No Installer|Win32.ActiveCfg = Release|Any CPU
		{91F93D52-9F43-4931-BA8D-C2A926393EA9}.Release No Installer|x86.ActiveCfg = Release|Any CPU
		{91F93D52-9F43-4931-BA8D-C2A926393EA9}.Release|Any CPU.ActiveCfg = Release|Any CPU
		{91F93D52-9F43-4931-BA8D-C2A926393EA9}.Release|Any CPU.Build.0 = Release|Any CPU
		{91F93D52-9F43-4931-BA8D-C2A926393EA9}.Release|Mixed Platforms.ActiveCfg = Release|Any CPU
		{91F93D52-9F43-4931-BA8D-C2A926393EA9}.Release|Mixed Platforms.Build.0 = Release|Any CPU
		{91F93D52-9F43-4931-BA8D-C2A926393EA9}.Release|Win32.ActiveCfg = Release|Any CPU
		{91F93D52-9F43-4931-BA8D-C2A926393EA9}.Release|x86.ActiveCfg = Release|Any CPU
		{005F252B-C8AD-49E0-9A88-47BC289F00D0}.Debug|Any CPU.ActiveCfg = Debug|Any CPU
		{005F252B-C8AD-49E0-9A88-47BC289F00D0}.Debug|Any CPU.Build.0 = Debug|Any CPU
		{005F252B-C8AD-49E0-9A88-47BC289F00D0}.Debug|Mixed Platforms.ActiveCfg = Debug|Any CPU
		{005F252B-C8AD-49E0-9A88-47BC289F00D0}.Debug|Mixed Platforms.Build.0 = Debug|Any CPU
		{005F252B-C8AD-49E0-9A88-47BC289F00D0}.Debug|Win32.ActiveCfg = Debug|Any CPU
		{005F252B-C8AD-49E0-9A88-47BC289F00D0}.Debug|x86.ActiveCfg = Debug|Any CPU
		{005F252B-C8AD-49E0-9A88-47BC289F00D0}.Release No Installer|Any CPU.ActiveCfg = Release|Any CPU
		{005F252B-C8AD-49E0-9A88-47BC289F00D0}.Release No Installer|Any CPU.Build.0 = Release|Any CPU
		{005F252B-C8AD-49E0-9A88-47BC289F00D0}.Release No Installer|Mixed Platforms.ActiveCfg = Release|Any CPU
		{005F252B-C8AD-49E0-9A88-47BC289F00D0}.Release No Installer|Mixed Platforms.Build.0 = Release|Any CPU
		{005F252B-C8AD-49E0-9A88-47BC289F00D0}.Release No Installer|Win32.ActiveCfg = Release|Any CPU
		{005F252B-C8AD-49E0-9A88-47BC289F00D0}.Release No Installer|x86.ActiveCfg = Release|Any CPU
		{005F252B-C8AD-49E0-9A88-47BC289F00D0}.Release|Any CPU.ActiveCfg = Release|Any CPU
		{005F252B-C8AD-49E0-9A88-47BC289F00D0}.Release|Any CPU.Build.0 = Release|Any CPU
		{005F252B-C8AD-49E0-9A88-47BC289F00D0}.Release|Mixed Platforms.ActiveCfg = Release|Any CPU
		{005F252B-C8AD-49E0-9A88-47BC289F00D0}.Release|Mixed Platforms.Build.0 = Release|Any CPU
		{005F252B-C8AD-49E0-9A88-47BC289F00D0}.Release|Win32.ActiveCfg = Release|Any CPU
		{005F252B-C8AD-49E0-9A88-47BC289F00D0}.Release|x86.ActiveCfg = Release|Any CPU
		{1B4B0A58-0AFB-4090-91DD-18912CC7DE65}.Debug|Any CPU.ActiveCfg = Debug|Any CPU
		{1B4B0A58-0AFB-4090-91DD-18912CC7DE65}.Debug|Any CPU.Build.0 = Debug|Any CPU
		{1B4B0A58-0AFB-4090-91DD-18912CC7DE65}.Debug|Mixed Platforms.ActiveCfg = Debug|Any CPU
		{1B4B0A58-0AFB-4090-91DD-18912CC7DE65}.Debug|Mixed Platforms.Build.0 = Debug|Any CPU
		{1B4B0A58-0AFB-4090-91DD-18912CC7DE65}.Debug|Win32.ActiveCfg = Debug|Any CPU
		{1B4B0A58-0AFB-4090-91DD-18912CC7DE65}.Debug|x86.ActiveCfg = Debug|Any CPU
		{1B4B0A58-0AFB-4090-91DD-18912CC7DE65}.Release No Installer|Any CPU.ActiveCfg = Release|Any CPU
		{1B4B0A58-0AFB-4090-91DD-18912CC7DE65}.Release No Installer|Any CPU.Build.0 = Release|Any CPU
		{1B4B0A58-0AFB-4090-91DD-18912CC7DE65}.Release No Installer|Mixed Platforms.ActiveCfg = Release|Any CPU
		{1B4B0A58-0AFB-4090-91DD-18912CC7DE65}.Release No Installer|Mixed Platforms.Build.0 = Release|Any CPU
		{1B4B0A58-0AFB-4090-91DD-18912CC7DE65}.Release No Installer|Win32.ActiveCfg = Release|Any CPU
		{1B4B0A58-0AFB-4090-91DD-18912CC7DE65}.Release No Installer|x86.ActiveCfg = Release|Any CPU
		{1B4B0A58-0AFB-4090-91DD-18912CC7DE65}.Release|Any CPU.ActiveCfg = Release|Any CPU
		{1B4B0A58-0AFB-4090-91DD-18912CC7DE65}.Release|Any CPU.Build.0 = Release|Any CPU
		{1B4B0A58-0AFB-4090-91DD-18912CC7DE65}.Release|Mixed Platforms.ActiveCfg = Release|Any CPU
		{1B4B0A58-0AFB-4090-91DD-18912CC7DE65}.Release|Mixed Platforms.Build.0 = Release|Any CPU
		{1B4B0A58-0AFB-4090-91DD-18912CC7DE65}.Release|Win32.ActiveCfg = Release|Any CPU
		{1B4B0A58-0AFB-4090-91DD-18912CC7DE65}.Release|x86.ActiveCfg = Release|Any CPU
		{10711252-7056-44A6-AC29-5C7C203B0095}.Debug|Any CPU.ActiveCfg = Debug|Any CPU
		{10711252-7056-44A6-AC29-5C7C203B0095}.Debug|Any CPU.Build.0 = Debug|Any CPU
		{10711252-7056-44A6-AC29-5C7C203B0095}.Debug|Mixed Platforms.ActiveCfg = Debug|Any CPU
		{10711252-7056-44A6-AC29-5C7C203B0095}.Debug|Mixed Platforms.Build.0 = Debug|Any CPU
		{10711252-7056-44A6-AC29-5C7C203B0095}.Debug|Win32.ActiveCfg = Debug|Any CPU
		{10711252-7056-44A6-AC29-5C7C203B0095}.Debug|x86.ActiveCfg = Debug|Any CPU
		{10711252-7056-44A6-AC29-5C7C203B0095}.Release No Installer|Any CPU.ActiveCfg = Release|Any CPU
		{10711252-7056-44A6-AC29-5C7C203B0095}.Release No Installer|Any CPU.Build.0 = Release|Any CPU
		{10711252-7056-44A6-AC29-5C7C203B0095}.Release No Installer|Mixed Platforms.ActiveCfg = Release|Any CPU
		{10711252-7056-44A6-AC29-5C7C203B0095}.Release No Installer|Mixed Platforms.Build.0 = Release|Any CPU
		{10711252-7056-44A6-AC29-5C7C203B0095}.Release No Installer|Win32.ActiveCfg = Release|Any CPU
		{10711252-7056-44A6-AC29-5C7C203B0095}.Release No Installer|x86.ActiveCfg = Release|Any CPU
		{10711252-7056-44A6-AC29-5C7C203B0095}.Release|Any CPU.ActiveCfg = Release|Any CPU
		{10711252-7056-44A6-AC29-5C7C203B0095}.Release|Any CPU.Build.0 = Release|Any CPU
		{10711252-7056-44A6-AC29-5C7C203B0095}.Release|Mixed Platforms.ActiveCfg = Release|Any CPU
		{10711252-7056-44A6-AC29-5C7C203B0095}.Release|Mixed Platforms.Build.0 = Release|Any CPU
		{10711252-7056-44A6-AC29-5C7C203B0095}.Release|Win32.ActiveCfg = Release|Any CPU
		{10711252-7056-44A6-AC29-5C7C203B0095}.Release|x86.ActiveCfg = Release|Any CPU
		{25D0E1A6-7FA0-49FA-989F-3F5F082BD23D}.Debug|Any CPU.ActiveCfg = Debug|Any CPU
		{25D0E1A6-7FA0-49FA-989F-3F5F082BD23D}.Debug|Any CPU.Build.0 = Debug|Any CPU
		{25D0E1A6-7FA0-49FA-989F-3F5F082BD23D}.Debug|Mixed Platforms.ActiveCfg = Debug|Any CPU
		{25D0E1A6-7FA0-49FA-989F-3F5F082BD23D}.Debug|Mixed Platforms.Build.0 = Debug|Any CPU
		{25D0E1A6-7FA0-49FA-989F-3F5F082BD23D}.Debug|Win32.ActiveCfg = Debug|Any CPU
		{25D0E1A6-7FA0-49FA-989F-3F5F082BD23D}.Debug|x86.ActiveCfg = Debug|Any CPU
		{25D0E1A6-7FA0-49FA-989F-3F5F082BD23D}.Release No Installer|Any CPU.ActiveCfg = Release|Any CPU
		{25D0E1A6-7FA0-49FA-989F-3F5F082BD23D}.Release No Installer|Any CPU.Build.0 = Release|Any CPU
		{25D0E1A6-7FA0-49FA-989F-3F5F082BD23D}.Release No Installer|Mixed Platforms.ActiveCfg = Release|Any CPU
		{25D0E1A6-7FA0-49FA-989F-3F5F082BD23D}.Release No Installer|Mixed Platforms.Build.0 = Release|Any CPU
		{25D0E1A6-7FA0-49FA-989F-3F5F082BD23D}.Release No Installer|Win32.ActiveCfg = Release|Any CPU
		{25D0E1A6-7FA0-49FA-989F-3F5F082BD23D}.Release No Installer|x86.ActiveCfg = Release|Any CPU
		{25D0E1A6-7FA0-49FA-989F-3F5F082BD23D}.Release|Any CPU.ActiveCfg = Release|Any CPU
		{25D0E1A6-7FA0-49FA-989F-3F5F082BD23D}.Release|Any CPU.Build.0 = Release|Any CPU
		{25D0E1A6-7FA0-49FA-989F-3F5F082BD23D}.Release|Mixed Platforms.ActiveCfg = Release|Any CPU
		{25D0E1A6-7FA0-49FA-989F-3F5F082BD23D}.Release|Mixed Platforms.Build.0 = Release|Any CPU
		{25D0E1A6-7FA0-49FA-989F-3F5F082BD23D}.Release|Win32.ActiveCfg = Release|Any CPU
		{25D0E1A6-7FA0-49FA-989F-3F5F082BD23D}.Release|x86.ActiveCfg = Release|Any CPU
		{C796AC60-DB0E-41ED-9A65-47C7ABC52BE9}.Debug|Any CPU.ActiveCfg = Debug|Any CPU
		{C796AC60-DB0E-41ED-9A65-47C7ABC52BE9}.Debug|Any CPU.Build.0 = Debug|Any CPU
		{C796AC60-DB0E-41ED-9A65-47C7ABC52BE9}.Debug|Mixed Platforms.ActiveCfg = Debug|Any CPU
		{C796AC60-DB0E-41ED-9A65-47C7ABC52BE9}.Debug|Mixed Platforms.Build.0 = Debug|Any CPU
		{C796AC60-DB0E-41ED-9A65-47C7ABC52BE9}.Debug|Win32.ActiveCfg = Debug|Any CPU
		{C796AC60-DB0E-41ED-9A65-47C7ABC52BE9}.Debug|x86.ActiveCfg = Debug|Any CPU
		{C796AC60-DB0E-41ED-9A65-47C7ABC52BE9}.Release No Installer|Any CPU.ActiveCfg = Release|Any CPU
		{C796AC60-DB0E-41ED-9A65-47C7ABC52BE9}.Release No Installer|Any CPU.Build.0 = Release|Any CPU
		{C796AC60-DB0E-41ED-9A65-47C7ABC52BE9}.Release No Installer|Mixed Platforms.ActiveCfg = Release|Any CPU
		{C796AC60-DB0E-41ED-9A65-47C7ABC52BE9}.Release No Installer|Mixed Platforms.Build.0 = Release|Any CPU
		{C796AC60-DB0E-41ED-9A65-47C7ABC52BE9}.Release No Installer|Win32.ActiveCfg = Release|Any CPU
		{C796AC60-DB0E-41ED-9A65-47C7ABC52BE9}.Release No Installer|x86.ActiveCfg = Release|Any CPU
		{C796AC60-DB0E-41ED-9A65-47C7ABC52BE9}.Release|Any CPU.ActiveCfg = Release|Any CPU
		{C796AC60-DB0E-41ED-9A65-47C7ABC52BE9}.Release|Any CPU.Build.0 = Release|Any CPU
		{C796AC60-DB0E-41ED-9A65-47C7ABC52BE9}.Release|Mixed Platforms.ActiveCfg = Release|Any CPU
		{C796AC60-DB0E-41ED-9A65-47C7ABC52BE9}.Release|Mixed Platforms.Build.0 = Release|Any CPU
		{C796AC60-DB0E-41ED-9A65-47C7ABC52BE9}.Release|Win32.ActiveCfg = Release|Any CPU
		{C796AC60-DB0E-41ED-9A65-47C7ABC52BE9}.Release|x86.ActiveCfg = Release|Any CPU
		{47253D45-6E80-498D-9BF8-7763D5E24D78}.Debug|Any CPU.ActiveCfg = Debug|Any CPU
		{47253D45-6E80-498D-9BF8-7763D5E24D78}.Debug|Any CPU.Build.0 = Debug|Any CPU
		{47253D45-6E80-498D-9BF8-7763D5E24D78}.Debug|Mixed Platforms.ActiveCfg = Debug|Any CPU
		{47253D45-6E80-498D-9BF8-7763D5E24D78}.Debug|Mixed Platforms.Build.0 = Debug|Any CPU
		{47253D45-6E80-498D-9BF8-7763D5E24D78}.Debug|Win32.ActiveCfg = Debug|Any CPU
		{47253D45-6E80-498D-9BF8-7763D5E24D78}.Debug|x86.ActiveCfg = Debug|Any CPU
		{47253D45-6E80-498D-9BF8-7763D5E24D78}.Release No Installer|Any CPU.ActiveCfg = Release|Any CPU
		{47253D45-6E80-498D-9BF8-7763D5E24D78}.Release No Installer|Any CPU.Build.0 = Release|Any CPU
		{47253D45-6E80-498D-9BF8-7763D5E24D78}.Release No Installer|Mixed Platforms.ActiveCfg = Release|Any CPU
		{47253D45-6E80-498D-9BF8-7763D5E24D78}.Release No Installer|Mixed Platforms.Build.0 = Release|Any CPU
		{47253D45-6E80-498D-9BF8-7763D5E24D78}.Release No Installer|Win32.ActiveCfg = Release|Any CPU
		{47253D45-6E80-498D-9BF8-7763D5E24D78}.Release No Installer|x86.ActiveCfg = Release|Any CPU
		{47253D45-6E80-498D-9BF8-7763D5E24D78}.Release|Any CPU.ActiveCfg = Release|Any CPU
		{47253D45-6E80-498D-9BF8-7763D5E24D78}.Release|Any CPU.Build.0 = Release|Any CPU
		{47253D45-6E80-498D-9BF8-7763D5E24D78}.Release|Mixed Platforms.ActiveCfg = Release|Any CPU
		{47253D45-6E80-498D-9BF8-7763D5E24D78}.Release|Mixed Platforms.Build.0 = Release|Any CPU
		{47253D45-6E80-498D-9BF8-7763D5E24D78}.Release|Win32.ActiveCfg = Release|Any CPU
		{47253D45-6E80-498D-9BF8-7763D5E24D78}.Release|x86.ActiveCfg = Release|Any CPU
		{7E74D034-0D99-4E49-BD80-F96B04D3ECA9}.Debug|Any CPU.ActiveCfg = Debug|Any CPU
		{7E74D034-0D99-4E49-BD80-F96B04D3ECA9}.Debug|Any CPU.Build.0 = Debug|Any CPU
		{7E74D034-0D99-4E49-BD80-F96B04D3ECA9}.Debug|Mixed Platforms.ActiveCfg = Debug|Any CPU
		{7E74D034-0D99-4E49-BD80-F96B04D3ECA9}.Debug|Mixed Platforms.Build.0 = Debug|Any CPU
		{7E74D034-0D99-4E49-BD80-F96B04D3ECA9}.Debug|Win32.ActiveCfg = Debug|Any CPU
		{7E74D034-0D99-4E49-BD80-F96B04D3ECA9}.Debug|x86.ActiveCfg = Debug|Any CPU
		{7E74D034-0D99-4E49-BD80-F96B04D3ECA9}.Release No Installer|Any CPU.ActiveCfg = Release|Any CPU
		{7E74D034-0D99-4E49-BD80-F96B04D3ECA9}.Release No Installer|Any CPU.Build.0 = Release|Any CPU
		{7E74D034-0D99-4E49-BD80-F96B04D3ECA9}.Release No Installer|Mixed Platforms.ActiveCfg = Release|Any CPU
		{7E74D034-0D99-4E49-BD80-F96B04D3ECA9}.Release No Installer|Mixed Platforms.Build.0 = Release|Any CPU
		{7E74D034-0D99-4E49-BD80-F96B04D3ECA9}.Release No Installer|Win32.ActiveCfg = Release|Any CPU
		{7E74D034-0D99-4E49-BD80-F96B04D3ECA9}.Release No Installer|x86.ActiveCfg = Release|Any CPU
		{7E74D034-0D99-4E49-BD80-F96B04D3ECA9}.Release|Any CPU.ActiveCfg = Release|Any CPU
		{7E74D034-0D99-4E49-BD80-F96B04D3ECA9}.Release|Any CPU.Build.0 = Release|Any CPU
		{7E74D034-0D99-4E49-BD80-F96B04D3ECA9}.Release|Mixed Platforms.ActiveCfg = Release|Any CPU
		{7E74D034-0D99-4E49-BD80-F96B04D3ECA9}.Release|Mixed Platforms.Build.0 = Release|Any CPU
		{7E74D034-0D99-4E49-BD80-F96B04D3ECA9}.Release|Win32.ActiveCfg = Release|Any CPU
		{7E74D034-0D99-4E49-BD80-F96B04D3ECA9}.Release|x86.ActiveCfg = Release|Any CPU
		{74A350A0-205E-42D6-9F20-B1C9A393F689}.Debug|Any CPU.ActiveCfg = Debug|Any CPU
		{74A350A0-205E-42D6-9F20-B1C9A393F689}.Debug|Any CPU.Build.0 = Debug|Any CPU
		{74A350A0-205E-42D6-9F20-B1C9A393F689}.Debug|Mixed Platforms.ActiveCfg = Debug|Any CPU
		{74A350A0-205E-42D6-9F20-B1C9A393F689}.Debug|Mixed Platforms.Build.0 = Debug|Any CPU
		{74A350A0-205E-42D6-9F20-B1C9A393F689}.Debug|Win32.ActiveCfg = Debug|Any CPU
		{74A350A0-205E-42D6-9F20-B1C9A393F689}.Debug|x86.ActiveCfg = Debug|Any CPU
		{74A350A0-205E-42D6-9F20-B1C9A393F689}.Release No Installer|Any CPU.ActiveCfg = Release|Any CPU
		{74A350A0-205E-42D6-9F20-B1C9A393F689}.Release No Installer|Any CPU.Build.0 = Release|Any CPU
		{74A350A0-205E-42D6-9F20-B1C9A393F689}.Release No Installer|Mixed Platforms.ActiveCfg = Release|Any CPU
		{74A350A0-205E-42D6-9F20-B1C9A393F689}.Release No Installer|Mixed Platforms.Build.0 = Release|Any CPU
		{74A350A0-205E-42D6-9F20-B1C9A393F689}.Release No Installer|Win32.ActiveCfg = Release|Any CPU
		{74A350A0-205E-42D6-9F20-B1C9A393F689}.Release No Installer|x86.ActiveCfg = Release|Any CPU
		{74A350A0-205E-42D6-9F20-B1C9A393F689}.Release|Any CPU.ActiveCfg = Release|Any CPU
		{74A350A0-205E-42D6-9F20-B1C9A393F689}.Release|Any CPU.Build.0 = Release|Any CPU
		{74A350A0-205E-42D6-9F20-B1C9A393F689}.Release|Mixed Platforms.ActiveCfg = Release|Any CPU
		{74A350A0-205E-42D6-9F20-B1C9A393F689}.Release|Mixed Platforms.Build.0 = Release|Any CPU
		{74A350A0-205E-42D6-9F20-B1C9A393F689}.Release|Win32.ActiveCfg = Release|Any CPU
		{74A350A0-205E-42D6-9F20-B1C9A393F689}.Release|x86.ActiveCfg = Release|Any CPU
	EndGlobalSection
	GlobalSection(SolutionProperties) = preSolution
		HideSolutionNode = FALSE
	EndGlobalSection
	GlobalSection(NestedProjects) = preSolution
		{4EA24C1B-3AF2-4EB0-AA98-62EAFB0C2682} = {178CEDB0-8A3F-4DFC-BDDD-3E36B7625293}
		{977BDAC0-B1E4-4198-A0AD-6B93E30EF480} = {178CEDB0-8A3F-4DFC-BDDD-3E36B7625293}
		{7BECB850-389A-44FC-8523-3EF0B2540F07} = {178CEDB0-8A3F-4DFC-BDDD-3E36B7625293}
		{8542C013-AA9A-4852-98FA-6F05CC037A91} = {178CEDB0-8A3F-4DFC-BDDD-3E36B7625293}
		{728B73DF-466A-43ED-BC90-1FC4A6CCD959} = {9E348A12-B30B-4A24-834D-FF16142B277E}
		{73F12859-D8B1-49C1-A835-0810CE7BD006} = {9E348A12-B30B-4A24-834D-FF16142B277E}
		{4661DD6C-BE69-4BCB-A835-53D192DE841C} = {9E348A12-B30B-4A24-834D-FF16142B277E}
		{A85F5E2B-149A-4FB5-A749-056AE20AB72F} = {9E348A12-B30B-4A24-834D-FF16142B277E}
		{1B4B0A58-0AFB-4090-91DD-18912CC7DE65} = {9E348A12-B30B-4A24-834D-FF16142B277E}
		{A3CE8F2A-9950-409C-AA35-74CD1D1D6D87} = {AD8B4AC3-5A0D-4363-8A79-3767012A1998}
		{39D8B812-D2B3-476E-BA81-10BEEA1D5EEE} = {AD8B4AC3-5A0D-4363-8A79-3767012A1998}
		{FD95157C-7CDE-4E94-AAF7-259BABD583A6} = {AD8B4AC3-5A0D-4363-8A79-3767012A1998}
		{91F93D52-9F43-4931-BA8D-C2A926393EA9} = {AD8B4AC3-5A0D-4363-8A79-3767012A1998}
		{8491DCCF-354E-4FF6-89D4-88A0BB9CB8AF} = {ED24ACDC-DD9F-4ED8-A66E-7491E829A14E}
		{2E311A90-347B-47E1-8AA7-87A276C88F4E} = {ED24ACDC-DD9F-4ED8-A66E-7491E829A14E}
		{B404DA8F-FBF4-4CCC-BE01-22C488863EC2} = {ED24ACDC-DD9F-4ED8-A66E-7491E829A14E}
		{25A1ADFC-4BA9-4835-A461-9DD136C002F4} = {0AF1E06E-462A-44CC-B1AF-5BEF69DFDD4C}
		{0A40C744-6C4A-437F-BFDD-BEC626737E30} = {0AF1E06E-462A-44CC-B1AF-5BEF69DFDD4C}
		{400B19D1-BA0B-4F9B-9D76-45A6BC8AA220} = {0AF1E06E-462A-44CC-B1AF-5BEF69DFDD4C}
		{120A6B2A-33E6-4AD4-BF01-EFD9EB472D71} = {0AF1E06E-462A-44CC-B1AF-5BEF69DFDD4C}
		{25D0E1A6-7FA0-49FA-989F-3F5F082BD23D} = {25A1ADFC-4BA9-4835-A461-9DD136C002F4}
		{C796AC60-DB0E-41ED-9A65-47C7ABC52BE9} = {0A40C744-6C4A-437F-BFDD-BEC626737E30}
		{7E74D034-0D99-4E49-BD80-F96B04D3ECA9} = {0A40C744-6C4A-437F-BFDD-BEC626737E30}
		{74A350A0-205E-42D6-9F20-B1C9A393F689} = {0A40C744-6C4A-437F-BFDD-BEC626737E30}
		{005F252B-C8AD-49E0-9A88-47BC289F00D0} = {0A40C744-6C4A-437F-BFDD-BEC626737E30}
		{47253D45-6E80-498D-9BF8-7763D5E24D78} = {400B19D1-BA0B-4F9B-9D76-45A6BC8AA220}
		{10711252-7056-44A6-AC29-5C7C203B0095} = {120A6B2A-33E6-4AD4-BF01-EFD9EB472D71}
	EndGlobalSection
EndGlobal
